
Microsoft Visual Studio Solution File, Format Version 12.00
# Visual Studio 2012
Project("{FAE04EC0-301F-11D3-BF4B-00C04F79EFBC}") = "WinDock.Services", "WinDock.Services\WinDock.Services.csproj", "{F312A499-EA6F-4245-B889-1D0899689C1B}"
EndProject
Project("{FAE04EC0-301F-11D3-BF4B-00C04F79EFBC}") = "WinDock.Business", "WinDock.Business\WinDock.Business.csproj", "{A3B29604-31C2-405A-BFE6-7DF65014424F}"
EndProject
Project("{FAE04EC0-301F-11D3-BF4B-00C04F79EFBC}") = "WinDock.Presentation", "WinDock.Presentation\WinDock.Presentation.csproj", "{BF85AFAD-7952-4244-AC7F-AA0E1019324D}"
EndProject
Project("{FAE04EC0-301F-11D3-BF4B-00C04F79EFBC}") = "WinDock.PresentationModel", "WinDock.PresentationModel\WinDock.PresentationModel.csproj", "{DC04DE60-F932-4B1E-BE56-C96F5369F67D}"
EndProject
Project("{FAE04EC0-301F-11D3-BF4B-00C04F79EFBC}") = "WinDock.UnitTest", "WinDock.UnitTest\WinDock.UnitTest.csproj", "{9DD7F40C-DDBB-483D-98BF-14C79EBCA5B6}"
EndProject
Project("{2150E333-8FDC-42A3-9474-1A3956D46DE8}") = "Solution Items", "Solution Items", "{0DEA61DF-FDC4-41D3-8A21-07A2847C7446}"
	ProjectSection(SolutionItems) = preProject
		Local.testsettings = Local.testsettings
		TraceAndTestImpact.testsettings = TraceAndTestImpact.testsettings
		WinDock.vsmdi = WinDock.vsmdi
	EndProjectSection
EndProject
Project("{FAE04EC0-301F-11D3-BF4B-00C04F79EFBC}") = "Resources", "Resources\Resources.csproj", "{BC906D66-D8F5-46F0-BAB1-271C6627C0F2}"
EndProject
Project("{8BC9CEB8-8B4A-11D0-8D11-00A0C91BC942}") = "WinEventHook", "WinEventHook\WinEventHook.vcxproj", "{A61F01DD-9995-475A-8927-B3908BBB25A2}"
EndProject
Project("{8BC9CEB8-8B4A-11D0-8D11-00A0C91BC942}") = "WindowsManagedApi", "WindowsManagedApi\WindowsManagedApi.vcxproj", "{9287FAFD-38A4-4E6D-8972-70B144D66C04}"
EndProject
Global
	GlobalSection(TestCaseManagementSettings) = postSolution
		CategoryFile = WinDock.vsmdi
	EndGlobalSection
	GlobalSection(SolutionConfigurationPlatforms) = preSolution
		Debug|Any CPU = Debug|Any CPU
		Debug|Mixed Platforms = Debug|Mixed Platforms
		Debug|Win32 = Debug|Win32
		Debug|x86 = Debug|x86
		Release|Any CPU = Release|Any CPU
		Release|Mixed Platforms = Release|Mixed Platforms
		Release|Win32 = Release|Win32
		Release|x86 = Release|x86
	EndGlobalSection
	GlobalSection(ProjectConfigurationPlatforms) = postSolution
		{F312A499-EA6F-4245-B889-1D0899689C1B}.Debug|Any CPU.ActiveCfg = Debug|Any CPU
		{F312A499-EA6F-4245-B889-1D0899689C1B}.Debug|Any CPU.Build.0 = Debug|Any CPU
		{F312A499-EA6F-4245-B889-1D0899689C1B}.Debug|Mixed Platforms.ActiveCfg = Debug|x64
		{F312A499-EA6F-4245-B889-1D0899689C1B}.Debug|Mixed Platforms.Build.0 = Debug|x64
		{F312A499-EA6F-4245-B889-1D0899689C1B}.Debug|Win32.ActiveCfg = Debug|Any CPU
		{F312A499-EA6F-4245-B889-1D0899689C1B}.Debug|x86.ActiveCfg = Debug|Any CPU
		{F312A499-EA6F-4245-B889-1D0899689C1B}.Release|Any CPU.ActiveCfg = Release|Any CPU
		{F312A499-EA6F-4245-B889-1D0899689C1B}.Release|Any CPU.Build.0 = Release|Any CPU
		{F312A499-EA6F-4245-B889-1D0899689C1B}.Release|Mixed Platforms.ActiveCfg = Release|Any CPU
		{F312A499-EA6F-4245-B889-1D0899689C1B}.Release|Mixed Platforms.Build.0 = Release|Any CPU
		{F312A499-EA6F-4245-B889-1D0899689C1B}.Release|Win32.ActiveCfg = Release|Any CPU
		{F312A499-EA6F-4245-B889-1D0899689C1B}.Release|x86.ActiveCfg = Release|Any CPU
		{A3B29604-31C2-405A-BFE6-7DF65014424F}.Debug|Any CPU.ActiveCfg = Debug|Any CPU
		{A3B29604-31C2-405A-BFE6-7DF65014424F}.Debug|Any CPU.Build.0 = Debug|Any CPU
		{A3B29604-31C2-405A-BFE6-7DF65014424F}.Debug|Mixed Platforms.ActiveCfg = Debug|x64
		{A3B29604-31C2-405A-BFE6-7DF65014424F}.Debug|Mixed Platforms.Build.0 = Debug|x64
		{A3B29604-31C2-405A-BFE6-7DF65014424F}.Debug|Win32.ActiveCfg = Debug|Any CPU
		{A3B29604-31C2-405A-BFE6-7DF65014424F}.Debug|x86.ActiveCfg = Debug|Any CPU
		{A3B29604-31C2-405A-BFE6-7DF65014424F}.Release|Any CPU.ActiveCfg = Release|Any CPU
		{A3B29604-31C2-405A-BFE6-7DF65014424F}.Release|Any CPU.Build.0 = Release|Any CPU
		{A3B29604-31C2-405A-BFE6-7DF65014424F}.Release|Mixed Platforms.ActiveCfg = Release|Any CPU
		{A3B29604-31C2-405A-BFE6-7DF65014424F}.Release|Mixed Platforms.Build.0 = Release|Any CPU
		{A3B29604-31C2-405A-BFE6-7DF65014424F}.Release|Win32.ActiveCfg = Release|Any CPU
		{A3B29604-31C2-405A-BFE6-7DF65014424F}.Release|x86.ActiveCfg = Release|Any CPU
		{BF85AFAD-7952-4244-AC7F-AA0E1019324D}.Debug|Any CPU.ActiveCfg = Debug|Any CPU
		{BF85AFAD-7952-4244-AC7F-AA0E1019324D}.Debug|Any CPU.Build.0 = Debug|Any CPU
		{BF85AFAD-7952-4244-AC7F-AA0E1019324D}.Debug|Mixed Platforms.ActiveCfg = Debug|x64
		{BF85AFAD-7952-4244-AC7F-AA0E1019324D}.Debug|Mixed Platforms.Build.0 = Debug|x64
		{BF85AFAD-7952-4244-AC7F-AA0E1019324D}.Debug|Win32.ActiveCfg = Debug|Any CPU
		{BF85AFAD-7952-4244-AC7F-AA0E1019324D}.Debug|x86.ActiveCfg = Debug|Any CPU
		{BF85AFAD-7952-4244-AC7F-AA0E1019324D}.Release|Any CPU.ActiveCfg = Release|Any CPU
		{BF85AFAD-7952-4244-AC7F-AA0E1019324D}.Release|Any CPU.Build.0 = Release|Any CPU
		{BF85AFAD-7952-4244-AC7F-AA0E1019324D}.Release|Mixed Platforms.ActiveCfg = Release|Any CPU
		{BF85AFAD-7952-4244-AC7F-AA0E1019324D}.Release|Mixed Platforms.Build.0 = Release|Any CPU
		{BF85AFAD-7952-4244-AC7F-AA0E1019324D}.Release|Win32.ActiveCfg = Release|Any CPU
		{BF85AFAD-7952-4244-AC7F-AA0E1019324D}.Release|x86.ActiveCfg = Release|Any CPU
		{DC04DE60-F932-4B1E-BE56-C96F5369F67D}.Debug|Any CPU.ActiveCfg = Debug|Any CPU
		{DC04DE60-F932-4B1E-BE56-C96F5369F67D}.Debug|Any CPU.Build.0 = Debug|Any CPU
		{DC04DE60-F932-4B1E-BE56-C96F5369F67D}.Debug|Mixed Platforms.ActiveCfg = Debug|x64
		{DC04DE60-F932-4B1E-BE56-C96F5369F67D}.Debug|Mixed Platforms.Build.0 = Debug|x64
		{DC04DE60-F932-4B1E-BE56-C96F5369F67D}.Debug|Win32.ActiveCfg = Debug|Any CPU
		{DC04DE60-F932-4B1E-BE56-C96F5369F67D}.Debug|x86.ActiveCfg = Debug|Any CPU
		{DC04DE60-F932-4B1E-BE56-C96F5369F67D}.Release|Any CPU.ActiveCfg = Release|Any CPU
		{DC04DE60-F932-4B1E-BE56-C96F5369F67D}.Release|Any CPU.Build.0 = Release|Any CPU
		{DC04DE60-F932-4B1E-BE56-C96F5369F67D}.Release|Mixed Platforms.ActiveCfg = Release|Any CPU
		{DC04DE60-F932-4B1E-BE56-C96F5369F67D}.Release|Mixed Platforms.Build.0 = Release|Any CPU
		{DC04DE60-F932-4B1E-BE56-C96F5369F67D}.Release|Win32.ActiveCfg = Release|Any CPU
		{DC04DE60-F932-4B1E-BE56-C96F5369F67D}.Release|x86.ActiveCfg = Release|Any CPU
		{9DD7F40C-DDBB-483D-98BF-14C79EBCA5B6}.Debug|Any CPU.ActiveCfg = Debug|Any CPU
		{9DD7F40C-DDBB-483D-98BF-14C79EBCA5B6}.Debug|Mixed Platforms.ActiveCfg = Debug|x64
		{9DD7F40C-DDBB-483D-98BF-14C79EBCA5B6}.Debug|Win32.ActiveCfg = Debug|Any CPU
		{9DD7F40C-DDBB-483D-98BF-14C79EBCA5B6}.Debug|x86.ActiveCfg = Debug|Any CPU
		{9DD7F40C-DDBB-483D-98BF-14C79EBCA5B6}.Release|Any CPU.ActiveCfg = Release|Any CPU
		{9DD7F40C-DDBB-483D-98BF-14C79EBCA5B6}.Release|Any CPU.Build.0 = Release|Any CPU
		{9DD7F40C-DDBB-483D-98BF-14C79EBCA5B6}.Release|Mixed Platforms.ActiveCfg = Release|Any CPU
		{9DD7F40C-DDBB-483D-98BF-14C79EBCA5B6}.Release|Mixed Platforms.Build.0 = Release|Any CPU
		{9DD7F40C-DDBB-483D-98BF-14C79EBCA5B6}.Release|Win32.ActiveCfg = Release|Any CPU
		{9DD7F40C-DDBB-483D-98BF-14C79EBCA5B6}.Release|x86.ActiveCfg = Release|Any CPU
		{BC906D66-D8F5-46F0-BAB1-271C6627C0F2}.Debug|Any CPU.ActiveCfg = Debug|x86
		{BC906D66-D8F5-46F0-BAB1-271C6627C0F2}.Debug|Mixed Platforms.ActiveCfg = Debug|x86
		{BC906D66-D8F5-46F0-BAB1-271C6627C0F2}.Debug|Win32.ActiveCfg = Debug|x86
		{BC906D66-D8F5-46F0-BAB1-271C6627C0F2}.Debug|x86.ActiveCfg = Debug|x86
		{BC906D66-D8F5-46F0-BAB1-271C6627C0F2}.Debug|x86.Build.0 = Debug|x86
		{BC906D66-D8F5-46F0-BAB1-271C6627C0F2}.Release|Any CPU.ActiveCfg = Release|x86
		{BC906D66-D8F5-46F0-BAB1-271C6627C0F2}.Release|Mixed Platforms.ActiveCfg = Release|x86
		{BC906D66-D8F5-46F0-BAB1-271C6627C0F2}.Release|Mixed Platforms.Build.0 = Release|x86
		{BC906D66-D8F5-46F0-BAB1-271C6627C0F2}.Release|Win32.ActiveCfg = Release|x86
		{BC906D66-D8F5-46F0-BAB1-271C6627C0F2}.Release|x86.ActiveCfg = Release|x86
		{BC906D66-D8F5-46F0-BAB1-271C6627C0F2}.Release|x86.Build.0 = Release|x86
		{A61F01DD-9995-475A-8927-B3908BBB25A2}.Debug|Any CPU.ActiveCfg = Debug|Win32
		{A61F01DD-9995-475A-8927-B3908BBB25A2}.Debug|Mixed Platforms.ActiveCfg = Debug|x64
		{A61F01DD-9995-475A-8927-B3908BBB25A2}.Debug|Mixed Platforms.Build.0 = Debug|x64
		{A61F01DD-9995-475A-8927-B3908BBB25A2}.Debug|Win32.ActiveCfg = Debug|Win32
		{A61F01DD-9995-475A-8927-B3908BBB25A2}.Debug|Win32.Build.0 = Debug|Win32
		{A61F01DD-9995-475A-8927-B3908BBB25A2}.Debug|x86.ActiveCfg = Debug|Win32
		{A61F01DD-9995-475A-8927-B3908BBB25A2}.Release|Any CPU.ActiveCfg = Release|Win32
		{A61F01DD-9995-475A-8927-B3908BBB25A2}.Release|Mixed Platforms.ActiveCfg = Release|Win32
		{A61F01DD-9995-475A-8927-B3908BBB25A2}.Release|Mixed Platforms.Build.0 = Release|Win32
		{A61F01DD-9995-475A-8927-B3908BBB25A2}.Release|Win32.ActiveCfg = Release|Win32
		{A61F01DD-9995-475A-8927-B3908BBB25A2}.Release|Win32.Build.0 = Release|Win32
		{A61F01DD-9995-475A-8927-B3908BBB25A2}.Release|x86.ActiveCfg = Release|Win32
		{9287FAFD-38A4-4E6D-8972-70B144D66C04}.Debug|Any CPU.ActiveCfg = Debug|Win32
		{9287FAFD-38A4-4E6D-8972-70B144D66C04}.Debug|Mixed Platforms.ActiveCfg = Debug|x64
		{9287FAFD-38A4-4E6D-8972-70B144D66C04}.Debug|Mixed Platforms.Build.0 = Debug|x64
		{9287FAFD-38A4-4E6D-8972-70B144D66C04}.Debug|Win32.ActiveCfg = Debug|Win32
		{9287FAFD-38A4-4E6D-8972-70B144D66C04}.Debug|Win32.Build.0 = Debug|Win32
		{9287FAFD-38A4-4E6D-8972-70B144D66C04}.Debug|x86.ActiveCfg = Debug|Win32
		{9287FAFD-38A4-4E6D-8972-70B144D66C04}.Release|Any CPU.ActiveCfg = Release|Win32
		{9287FAFD-38A4-4E6D-8972-70B144D66C04}.Release|Mixed Platforms.ActiveCfg = Release|Win32
		{9287FAFD-38A4-4E6D-8972-70B144D66C04}.Release|Mixed Platforms.Build.0 = Release|Win32
		{9287FAFD-38A4-4E6D-8972-70B144D66C04}.Release|Win32.ActiveCfg = Release|Win32
		{9287FAFD-38A4-4E6D-8972-70B144D66C04}.Release|Win32.Build.0 = Release|Win32
		{9287FAFD-38A4-4E6D-8972-70B144D66C04}.Release|x86.ActiveCfg = Release|Win32
	EndGlobalSection
	GlobalSection(SolutionProperties) = preSolution
		HideSolutionNode = FALSE
	EndGlobalSection
EndGlobal
