
Microsoft Visual Studio Solution File, Format Version 11.00
# Visual Studio 2010
Project("{FAE04EC0-301F-11D3-BF4B-00C04F79EFBC}") = "WinDock", "WinDock\WinDock.csproj", "{35618AE4-F65D-48CE-8449-34B3EBC9FEC9}"
EndProject
Project("{8BC9CEB8-8B4A-11D0-8D11-00A0C91BC942}") = "WinEventGlobalHook", "WinEventGlobalHook\WinEventGlobalHook.vcxproj", "{41A2FCC7-B278-4522-9F24-F9720B86537B}"
EndProject
Project("{8BC9CEB8-8B4A-11D0-8D11-00A0C91BC942}") = "WindowShellFacade", "WindowShellFacade\WindowShellFacade.vcxproj", "{699C7C52-416F-4DE6-AAA1-EBF1EA66B5CC}"
EndProject
Global
	GlobalSection(SolutionConfigurationPlatforms) = preSolution
		Debug|Mixed Platforms = Debug|Mixed Platforms
		Debug|Win32 = Debug|Win32
		Debug|x64 = Debug|x64
		Debug|x86 = Debug|x86
		Release|Mixed Platforms = Release|Mixed Platforms
		Release|Win32 = Release|Win32
		Release|x64 = Release|x64
		Release|x86 = Release|x86
	EndGlobalSection
	GlobalSection(ProjectConfigurationPlatforms) = postSolution
		{35618AE4-F65D-48CE-8449-34B3EBC9FEC9}.Debug|Mixed Platforms.ActiveCfg = Debug|x64
		{35618AE4-F65D-48CE-8449-34B3EBC9FEC9}.Debug|Mixed Platforms.Build.0 = Debug|x64
		{35618AE4-F65D-48CE-8449-34B3EBC9FEC9}.Debug|Win32.ActiveCfg = Debug|x64
		{35618AE4-F65D-48CE-8449-34B3EBC9FEC9}.Debug|x64.ActiveCfg = Debug|x64
		{35618AE4-F65D-48CE-8449-34B3EBC9FEC9}.Debug|x64.Build.0 = Debug|x64
		{35618AE4-F65D-48CE-8449-34B3EBC9FEC9}.Debug|x86.ActiveCfg = Debug|x86
		{35618AE4-F65D-48CE-8449-34B3EBC9FEC9}.Debug|x86.Build.0 = Debug|x86
		{35618AE4-F65D-48CE-8449-34B3EBC9FEC9}.Release|Mixed Platforms.ActiveCfg = Release|x64
		{35618AE4-F65D-48CE-8449-34B3EBC9FEC9}.Release|Mixed Platforms.Build.0 = Release|x64
		{35618AE4-F65D-48CE-8449-34B3EBC9FEC9}.Release|Win32.ActiveCfg = Release|x64
		{35618AE4-F65D-48CE-8449-34B3EBC9FEC9}.Release|x64.ActiveCfg = Release|x64
		{35618AE4-F65D-48CE-8449-34B3EBC9FEC9}.Release|x64.Build.0 = Release|x64
		{35618AE4-F65D-48CE-8449-34B3EBC9FEC9}.Release|x86.ActiveCfg = Release|x86
		{35618AE4-F65D-48CE-8449-34B3EBC9FEC9}.Release|x86.Build.0 = Release|x86
		{41A2FCC7-B278-4522-9F24-F9720B86537B}.Debug|Mixed Platforms.ActiveCfg = Debug|x64
		{41A2FCC7-B278-4522-9F24-F9720B86537B}.Debug|Mixed Platforms.Build.0 = Debug|x64
		{41A2FCC7-B278-4522-9F24-F9720B86537B}.Debug|Win32.ActiveCfg = Debug|Win32
		{41A2FCC7-B278-4522-9F24-F9720B86537B}.Debug|Win32.Build.0 = Debug|Win32
		{41A2FCC7-B278-4522-9F24-F9720B86537B}.Debug|x64.ActiveCfg = Debug|x64
		{41A2FCC7-B278-4522-9F24-F9720B86537B}.Debug|x64.Build.0 = Debug|x64
		{41A2FCC7-B278-4522-9F24-F9720B86537B}.Debug|x86.ActiveCfg = Debug|Win32
		{41A2FCC7-B278-4522-9F24-F9720B86537B}.Debug|x86.Build.0 = Debug|Win32
		{41A2FCC7-B278-4522-9F24-F9720B86537B}.Release|Mixed Platforms.ActiveCfg = Release|Win32
		{41A2FCC7-B278-4522-9F24-F9720B86537B}.Release|Mixed Platforms.Build.0 = Release|Win32
		{41A2FCC7-B278-4522-9F24-F9720B86537B}.Release|Win32.ActiveCfg = Release|Win32
		{41A2FCC7-B278-4522-9F24-F9720B86537B}.Release|Win32.Build.0 = Release|Win32
		{41A2FCC7-B278-4522-9F24-F9720B86537B}.Release|x64.ActiveCfg = Release|x64
		{41A2FCC7-B278-4522-9F24-F9720B86537B}.Release|x64.Build.0 = Release|x64
		{41A2FCC7-B278-4522-9F24-F9720B86537B}.Release|x86.ActiveCfg = Release|Win32
		{699C7C52-416F-4DE6-AAA1-EBF1EA66B5CC}.Debug|Mixed Platforms.ActiveCfg = Debug|x64
		{699C7C52-416F-4DE6-AAA1-EBF1EA66B5CC}.Debug|Mixed Platforms.Build.0 = Debug|x64
		{699C7C52-416F-4DE6-AAA1-EBF1EA66B5CC}.Debug|Win32.ActiveCfg = Debug|Win32
		{699C7C52-416F-4DE6-AAA1-EBF1EA66B5CC}.Debug|Win32.Build.0 = Debug|Win32
		{699C7C52-416F-4DE6-AAA1-EBF1EA66B5CC}.Debug|x64.ActiveCfg = Debug|x64
		{699C7C52-416F-4DE6-AAA1-EBF1EA66B5CC}.Debug|x64.Build.0 = Debug|x64
		{699C7C52-416F-4DE6-AAA1-EBF1EA66B5CC}.Debug|x86.ActiveCfg = Debug|Win32
		{699C7C52-416F-4DE6-AAA1-EBF1EA66B5CC}.Debug|x86.Build.0 = Debug|Win32
		{699C7C52-416F-4DE6-AAA1-EBF1EA66B5CC}.Release|Mixed Platforms.ActiveCfg = Release|Win32
		{699C7C52-416F-4DE6-AAA1-EBF1EA66B5CC}.Release|Mixed Platforms.Build.0 = Release|Win32
		{699C7C52-416F-4DE6-AAA1-EBF1EA66B5CC}.Release|Win32.ActiveCfg = Release|Win32
		{699C7C52-416F-4DE6-AAA1-EBF1EA66B5CC}.Release|Win32.Build.0 = Release|Win32
		{699C7C52-416F-4DE6-AAA1-EBF1EA66B5CC}.Release|x64.ActiveCfg = Release|x64
		{699C7C52-416F-4DE6-AAA1-EBF1EA66B5CC}.Release|x64.Build.0 = Release|x64
		{699C7C52-416F-4DE6-AAA1-EBF1EA66B5CC}.Release|x86.ActiveCfg = Release|Win32
	EndGlobalSection
	GlobalSection(SolutionProperties) = preSolution
		HideSolutionNode = FALSE
	EndGlobalSection
EndGlobal
